{
  "name": "valentinarussomentaladvisor.it",
  "lockfileVersion": 3,
  "requires": true,
  "packages": {
    "": {
      "dependencies": {
        "@swisseph/browser": "^1.1.1",
        "basic-ftp": "^5.2.0",
        "dotenv": "^17.3.1"
      }
    },
    "node_modules/@swisseph/browser": {
      "version": "1.1.1",
      "resolved": "https://registry.npmjs.org/@swisseph/browser/-/browser-1.1.1.tgz",
      "integrity": "sha512-2w0e5Gkl4/L6Pqh8jHB+ql2YwwxKABreLYKSK1l2M/Xxok+txB/+/SY1dzVful1LkE7BL0FG1RbBDBuH4Xwd1w==",
      "license": "AGPL-3.0",
      "dependencies": {
        "@swisseph/core": "1.1.2"
      }
    },
    "node_modules/@swisseph/core": {
      "version": "1.1.2",
      "resolved": "https://registry.npmjs.org/@swisseph/core/-/core-1.1.2.tgz",
      "integrity": "sha512-9rVlQfd0FtTAFNml1RyJLlYE7AoFyoO/6dH5mVwf9VjxE/5GPHkN+RznOyZP2VouPsY1Hmy5OR6WQ6LhvUHL+w==",
      "license": "AGPL-3.0"
    },
    "node_modules/basic-ftp": {
      "version": "5.2.0",
      "resolved": "https://registry.npmjs.org/basic-ftp/-/basic-ftp-5.2.0.tgz",
      "integrity": "sha512-VoMINM2rqJwJgfdHq6RiUudKt2BV+FY5ZFezP/ypmwayk68+NzzAQy4XXLlqsGD4MCzq3DrmNFD/uUmBJuGoXw==",
      "license": "MIT",
      "engines": {
        "node": ">=10.0.0"
      }
    },
    "node_modules/dotenv": {
      "version": "17.3.1",
      "resolved": "https://registry.npmjs.org/dotenv/-/dotenv-17.3.1.tgz",
      "integrity": "sha512-IO8C/dzEb6O3F9/twg6ZLXz164a2fhTnEWb95H23Dm4OuN+92NmEAlTrupP9VW6Jm3sO26tQlqyvyi4CsnY9GA==",
      "license": "BSD-2-Clause",
      "engines": {
        "node": ">=12"
      },
      "funding": {
        "url": "https://dotenvx.com"
      }
    }
  }
}
